Microsoft Visual Studio Solution File, Format Version 11.00
# Visual Studio 2008

Project("{2F6CADD0-1269-FFE9-5328-BB313AE37C24}") = "VisualNovelToolkit", "Assembly-CSharp-vs.csproj", "{A2D8ECD3-BA1C-3987-B6CA-318754B12533}"
EndProject
Project("{2F6CADD0-1269-FFE9-5328-BB313AE37C24}") = "VisualNovelToolkit", "Assembly-CSharp-Editor-vs.csproj", "{C9840323-DA24-334E-5C9F-138F4D7C7DFD}"
EndProject
Global
	GlobalSection(SolutionConfigurationPlatforms) = preSolution
		Debug|Any CPU = Debug|Any CPU
		Release|Any CPU = Release|Any CPU
	EndGlobalSection
	GlobalSection(ProjectConfigurationPlatforms) = postSolution
		{A2D8ECD3-BA1C-3987-B6CA-318754B12533}.Debug|Any CPU.ActiveCfg = Debug|Any CPU
		{A2D8ECD3-BA1C-3987-B6CA-318754B12533}.Debug|Any CPU.Build.0 = Debug|Any CPU
		{A2D8ECD3-BA1C-3987-B6CA-318754B12533}.Release|Any CPU.ActiveCfg = Release|Any CPU
		{A2D8ECD3-BA1C-3987-B6CA-318754B12533}.Release|Any CPU.Build.0 = Release|Any CPU
		{C9840323-DA24-334E-5C9F-138F4D7C7DFD}.Debug|Any CPU.ActiveCfg = Debug|Any CPU
		{C9840323-DA24-334E-5C9F-138F4D7C7DFD}.Debug|Any CPU.Build.0 = Debug|Any CPU
		{C9840323-DA24-334E-5C9F-138F4D7C7DFD}.Release|Any CPU.ActiveCfg = Release|Any CPU
		{C9840323-DA24-334E-5C9F-138F4D7C7DFD}.Release|Any CPU.Build.0 = Release|Any CPU
	EndGlobalSection
	GlobalSection(SolutionProperties) = preSolution
		HideSolutionNode = FALSE
	EndGlobalSection
			GlobalSection(MonoDevelopProperties) = preSolution
		StartupItem = Assembly-CSharp.csproj
		Policies = $0
		$0.TextStylePolicy = $1
		$1.inheritsSet = null
		$1.scope = text/x-csharp
		$0.CSharpFormattingPolicy = $2
		$2.inheritsSet = Mono
		$2.inheritsScope = text/x-csharp
		$2.scope = text/x-csharp
		$0.TextStylePolicy = $3
		$3.FileWidth = 120
		$3.TabWidth = 4
		$3.EolMarker = Unix
		$3.inheritsSet = Mono
		$3.inheritsScope = text/plain
		$3.scope = text/plain
	EndGlobalSection

EndGlobal
